
Microsoft Visual Studio Solution File, Format Version 12.00
# Visual Studio Version 17
VisualStudioVersion = 17.0.31903.59
MinimumVisualStudioVersion = 10.0.40219.1
Project("{FAE04EC0-301F-11D3-BF4B-00C04F79EFBC}") = "PaymentContext.Domain", "PaymentContext.Domain\PaymentContext.Domain.csproj", "{9FE8639D-4E17-4975-82B0-7B8F2743BA2E}"
EndProject
Project("{FAE04EC0-301F-11D3-BF4B-00C04F79EFBC}") = "PaymentContext.Shared", "PaymentContext.Shared\PaymentContext.Shared.csproj", "{FF52C3CB-A1B5-4B48-81AD-DB029633A48A}"
EndProject
Project("{FAE04EC0-301F-11D3-BF4B-00C04F79EFBC}") = "PaymentContext.Tests", "PaymentContext.Tests\PaymentContext.Tests.csproj", "{3C6215D8-63A1-42BF-8B4E-4A36395FD3DD}"
EndProject
Global
	GlobalSection(SolutionConfigurationPlatforms) = preSolution
		Debug|Any CPU = Debug|Any CPU
		Release|Any CPU = Release|Any CPU
	EndGlobalSection
	GlobalSection(SolutionProperties) = preSolution
		HideSolutionNode = FALSE
	EndGlobalSection
	GlobalSection(ProjectConfigurationPlatforms) = postSolution
		{9FE8639D-4E17-4975-82B0-7B8F2743BA2E}.Debug|Any CPU.ActiveCfg = Debug|Any CPU
		{9FE8639D-4E17-4975-82B0-7B8F2743BA2E}.Debug|Any CPU.Build.0 = Debug|Any CPU
		{9FE8639D-4E17-4975-82B0-7B8F2743BA2E}.Release|Any CPU.ActiveCfg = Release|Any CPU
		{9FE8639D-4E17-4975-82B0-7B8F2743BA2E}.Release|Any CPU.Build.0 = Release|Any CPU
		{FF52C3CB-A1B5-4B48-81AD-DB029633A48A}.Debug|Any CPU.ActiveCfg = Debug|Any CPU
		{FF52C3CB-A1B5-4B48-81AD-DB029633A48A}.Debug|Any CPU.Build.0 = Debug|Any CPU
		{FF52C3CB-A1B5-4B48-81AD-DB029633A48A}.Release|Any CPU.ActiveCfg = Release|Any CPU
		{FF52C3CB-A1B5-4B48-81AD-DB029633A48A}.Release|Any CPU.Build.0 = Release|Any CPU
		{3C6215D8-63A1-42BF-8B4E-4A36395FD3DD}.Debug|Any CPU.ActiveCfg = Debug|Any CPU
		{3C6215D8-63A1-42BF-8B4E-4A36395FD3DD}.Debug|Any CPU.Build.0 = Debug|Any CPU
		{3C6215D8-63A1-42BF-8B4E-4A36395FD3DD}.Release|Any CPU.ActiveCfg = Release|Any CPU
		{3C6215D8-63A1-42BF-8B4E-4A36395FD3DD}.Release|Any CPU.Build.0 = Release|Any CPU
	EndGlobalSection
EndGlobal
